
Microsoft Visual Studio Solution File, Format Version 12.00
# Visual Studio 15
VisualStudioVersion = 15.0.28010.2016
MinimumVisualStudioVersion = 10.0.40219.1
Project("{FAE04EC0-301F-11D3-BF4B-00C04F79EFBC}") = "ProjetoGrupoPcSolucoes", "ProjetoGrupoPcSolucoes\ProjetoGrupoPcSolucoes.csproj", "{9A981BB9-0BE1-42B1-B35C-BD18C6AC085C}"
EndProject
Global
	GlobalSection(SolutionConfigurationPlatforms) = preSolution
		Debug|Any CPU = Debug|Any CPU
		Release|Any CPU = Release|Any CPU
	EndGlobalSection
	GlobalSection(ProjectConfigurationPlatforms) = postSolution
		{9A981BB9-0BE1-42B1-B35C-BD18C6AC085C}.Debug|Any CPU.ActiveCfg = Debug|Any CPU
		{9A981BB9-0BE1-42B1-B35C-BD18C6AC085C}.Debug|Any CPU.Build.0 = Debug|Any CPU
		{9A981BB9-0BE1-42B1-B35C-BD18C6AC085C}.Release|Any CPU.ActiveCfg = Release|Any CPU
		{9A981BB9-0BE1-42B1-B35C-BD18C6AC085C}.Release|Any CPU.Build.0 = Release|Any CPU
	EndGlobalSection
	GlobalSection(SolutionProperties) = preSolution
		HideSolutionNode = FALSE
	EndGlobalSection
	GlobalSection(ExtensibilityGlobals) = postSolution
		SolutionGuid = {7999FEFC-D4AF-46C7-AA92-83771789045D}
	EndGlobalSection
EndGlobal
